
Microsoft Visual Studio Solution File, Format Version 12.00
Project("{FAE04EC0-301F-11D3-BF4B-00C04F79EFBC}") = "Result", "Result\Result.csproj", "{3148CC88-5675-4AFF-B6CD-37A87663B591}"
EndProject
Project("{FAE04EC0-301F-11D3-BF4B-00C04F79EFBC}") = "DatabaseManager", "DatabaseManager\DatabaseManager.csproj", "{ADDADC75-FD3D-4687-B3AB-7A2C9DE1B8E2}"
EndProject
Project("{FAE04EC0-301F-11D3-BF4B-00C04F79EFBC}") = "ExampleApplication", "ExampleApplication\ExampleApplication.csproj", "{81B2B30F-42B7-476B-8123-80060BE2EC06}"
EndProject
Global
	GlobalSection(SolutionConfigurationPlatforms) = preSolution
		Debug|Any CPU = Debug|Any CPU
		Release|Any CPU = Release|Any CPU
	EndGlobalSection
	GlobalSection(ProjectConfigurationPlatforms) = postSolution
		{3148CC88-5675-4AFF-B6CD-37A87663B591}.Debug|Any CPU.ActiveCfg = Debug|Any CPU
		{3148CC88-5675-4AFF-B6CD-37A87663B591}.Debug|Any CPU.Build.0 = Debug|Any CPU
		{3148CC88-5675-4AFF-B6CD-37A87663B591}.Release|Any CPU.ActiveCfg = Release|Any CPU
		{3148CC88-5675-4AFF-B6CD-37A87663B591}.Release|Any CPU.Build.0 = Release|Any CPU
		{ADDADC75-FD3D-4687-B3AB-7A2C9DE1B8E2}.Debug|Any CPU.ActiveCfg = Debug|Any CPU
		{ADDADC75-FD3D-4687-B3AB-7A2C9DE1B8E2}.Debug|Any CPU.Build.0 = Debug|Any CPU
		{ADDADC75-FD3D-4687-B3AB-7A2C9DE1B8E2}.Release|Any CPU.ActiveCfg = Release|Any CPU
		{ADDADC75-FD3D-4687-B3AB-7A2C9DE1B8E2}.Release|Any CPU.Build.0 = Release|Any CPU
		{81B2B30F-42B7-476B-8123-80060BE2EC06}.Debug|Any CPU.ActiveCfg = Debug|Any CPU
		{81B2B30F-42B7-476B-8123-80060BE2EC06}.Debug|Any CPU.Build.0 = Debug|Any CPU
		{81B2B30F-42B7-476B-8123-80060BE2EC06}.Release|Any CPU.ActiveCfg = Release|Any CPU
		{81B2B30F-42B7-476B-8123-80060BE2EC06}.Release|Any CPU.Build.0 = Release|Any CPU
	EndGlobalSection
EndGlobal
